
Microsoft Visual Studio Solution File, Format Version 12.00
# Visual Studio Version 17
VisualStudioVersion = 17.7.34024.191
MinimumVisualStudioVersion = 10.0.40219.1
Project("{FAE04EC0-301F-11D3-BF4B-00C04F79EFBC}") = "KHW3_1", "KHW3_1\KHW3_1.csproj", "{5B64C511-343E-4222-9A84-195447CFC517}"
EndProject
Project("{FAE04EC0-301F-11D3-BF4B-00C04F79EFBC}") = "FileWorkingLibrary", "FileWorkingLibrary\FileWorkingLibrary.csproj", "{12BFB4E8-A021-453C-A451-4D4D80BA9D65}"
EndProject
Project("{FAE04EC0-301F-11D3-BF4B-00C04F79EFBC}") = "InterfaceLibrary", "InterfaceLibrary\InterfaceLibrary.csproj", "{C3FC086C-FCEA-4613-B35F-3740D33B6B71}"
	ProjectSection(ProjectDependencies) = postProject
		{12BFB4E8-A021-453C-A451-4D4D80BA9D65} = {12BFB4E8-A021-453C-A451-4D4D80BA9D65}
	EndProjectSection
EndProject
Global
	GlobalSection(SolutionConfigurationPlatforms) = preSolution
		Debug|Any CPU = Debug|Any CPU
		Release|Any CPU = Release|Any CPU
	EndGlobalSection
	GlobalSection(ProjectConfigurationPlatforms) = postSolution
		{5B64C511-343E-4222-9A84-195447CFC517}.Debug|Any CPU.ActiveCfg = Debug|Any CPU
		{5B64C511-343E-4222-9A84-195447CFC517}.Debug|Any CPU.Build.0 = Debug|Any CPU
		{5B64C511-343E-4222-9A84-195447CFC517}.Release|Any CPU.ActiveCfg = Release|Any CPU
		{5B64C511-343E-4222-9A84-195447CFC517}.Release|Any CPU.Build.0 = Release|Any CPU
		{12BFB4E8-A021-453C-A451-4D4D80BA9D65}.Debug|Any CPU.ActiveCfg = Debug|Any CPU
		{12BFB4E8-A021-453C-A451-4D4D80BA9D65}.Debug|Any CPU.Build.0 = Debug|Any CPU
		{12BFB4E8-A021-453C-A451-4D4D80BA9D65}.Release|Any CPU.ActiveCfg = Release|Any CPU
		{12BFB4E8-A021-453C-A451-4D4D80BA9D65}.Release|Any CPU.Build.0 = Release|Any CPU
		{C3FC086C-FCEA-4613-B35F-3740D33B6B71}.Debug|Any CPU.ActiveCfg = Debug|Any CPU
		{C3FC086C-FCEA-4613-B35F-3740D33B6B71}.Debug|Any CPU.Build.0 = Debug|Any CPU
		{C3FC086C-FCEA-4613-B35F-3740D33B6B71}.Release|Any CPU.ActiveCfg = Release|Any CPU
		{C3FC086C-FCEA-4613-B35F-3740D33B6B71}.Release|Any CPU.Build.0 = Release|Any CPU
	EndGlobalSection
	GlobalSection(SolutionProperties) = preSolution
		HideSolutionNode = FALSE
	EndGlobalSection
	GlobalSection(ExtensibilityGlobals) = postSolution
		SolutionGuid = {72DF5BB5-8355-48CF-991C-8526B31706EA}
	EndGlobalSection
EndGlobal
